Microsoft Visual Studio Solution File, Format Version 11.00
# Visual Studio 2008

Project("{7A002427-2F39-E906-9DC1-B5887FC3456C}") = "Final Build", "Assembly-CSharp.csproj", "{E97C0110-91F2-E7C2-52C9-2F253D7126D7}"
EndProject
Project("{7A002427-2F39-E906-9DC1-B5887FC3456C}") = "Final Build", "Assembly-CSharp-Editor.csproj", "{318DE1AF-E8AC-3A3C-E473-BA7B37076046}"
EndProject
Global
	GlobalSection(SolutionConfigurationPlatforms) = preSolution
		Debug|Any CPU = Debug|Any CPU
		Release|Any CPU = Release|Any CPU
	EndGlobalSection
	GlobalSection(ProjectConfigurationPlatforms) = postSolution
		{E97C0110-91F2-E7C2-52C9-2F253D7126D7}.Debug|Any CPU.ActiveCfg = Debug|Any CPU
		{E97C0110-91F2-E7C2-52C9-2F253D7126D7}.Debug|Any CPU.Build.0 = Debug|Any CPU
		{E97C0110-91F2-E7C2-52C9-2F253D7126D7}.Release|Any CPU.ActiveCfg = Release|Any CPU
		{E97C0110-91F2-E7C2-52C9-2F253D7126D7}.Release|Any CPU.Build.0 = Release|Any CPU
		{318DE1AF-E8AC-3A3C-E473-BA7B37076046}.Debug|Any CPU.ActiveCfg = Debug|Any CPU
		{318DE1AF-E8AC-3A3C-E473-BA7B37076046}.Debug|Any CPU.Build.0 = Debug|Any CPU
		{318DE1AF-E8AC-3A3C-E473-BA7B37076046}.Release|Any CPU.ActiveCfg = Release|Any CPU
		{318DE1AF-E8AC-3A3C-E473-BA7B37076046}.Release|Any CPU.Build.0 = Release|Any CPU
	EndGlobalSection
	GlobalSection(SolutionProperties) = preSolution
		HideSolutionNode = FALSE
	EndGlobalSection
	GlobalSection(MonoDevelopProperties) = preSolution
		StartupItem = Assembly-CSharp.csproj
	EndGlobalSection
EndGlobal
