Microsoft Visual Studio Solution File, Format Version 11.00
# Visual Studio 2008

Project("{6B93814F-59CA-A2AA-30E4-F4DA53861939}") = "LevelGen", "Assembly-CSharp.csproj", "{579F28AD-9CB9-5EBA-D8E8-66BFCE0FCF31}"
EndProject
Global
	GlobalSection(SolutionConfigurationPlatforms) = preSolution
		Debug|Any CPU = Debug|Any CPU
		Release|Any CPU = Release|Any CPU
	EndGlobalSection
	GlobalSection(ProjectConfigurationPlatforms) = postSolution
		{579F28AD-9CB9-5EBA-D8E8-66BFCE0FCF31}.Debug|Any CPU.ActiveCfg = Debug|Any CPU
		{579F28AD-9CB9-5EBA-D8E8-66BFCE0FCF31}.Debug|Any CPU.Build.0 = Debug|Any CPU
		{579F28AD-9CB9-5EBA-D8E8-66BFCE0FCF31}.Release|Any CPU.ActiveCfg = Release|Any CPU
		{579F28AD-9CB9-5EBA-D8E8-66BFCE0FCF31}.Release|Any CPU.Build.0 = Release|Any CPU
	EndGlobalSection
	GlobalSection(SolutionProperties) = preSolution
		HideSolutionNode = FALSE
	EndGlobalSection
	GlobalSection(MonoDevelopProperties) = preSolution
		StartupItem = Assembly-CSharp.csproj
	EndGlobalSection
EndGlobal
