Microsoft Visual Studio Solution File, Format Version 11.00
# Visual Studio 2008

Project("{5D99F1BC-4DD7-3500-13EE-8B17C963510B}") = "SimpleMazeGenerator", "Assembly-CSharp.csproj", "{373775B3-A5F2-F39F-55F4-309E72FAA531}"
EndProject
Global
	GlobalSection(SolutionConfigurationPlatforms) = preSolution
		Debug|Any CPU = Debug|Any CPU
		Release|Any CPU = Release|Any CPU
	EndGlobalSection
	GlobalSection(ProjectConfigurationPlatforms) = postSolution
		{373775B3-A5F2-F39F-55F4-309E72FAA531}.Debug|Any CPU.ActiveCfg = Debug|Any CPU
		{373775B3-A5F2-F39F-55F4-309E72FAA531}.Debug|Any CPU.Build.0 = Debug|Any CPU
		{373775B3-A5F2-F39F-55F4-309E72FAA531}.Release|Any CPU.ActiveCfg = Release|Any CPU
		{373775B3-A5F2-F39F-55F4-309E72FAA531}.Release|Any CPU.Build.0 = Release|Any CPU
	EndGlobalSection
	GlobalSection(SolutionProperties) = preSolution
		HideSolutionNode = FALSE
	EndGlobalSection
	GlobalSection(MonoDevelopProperties) = preSolution
		StartupItem = Assembly-CSharp.csproj
	EndGlobalSection
EndGlobal
